
Microsoft Visual Studio Solution File, Format Version 12.00
# Visual Studio 15
VisualStudioVersion = 15.0.27703.2042
MinimumVisualStudioVersion = 10.0.40219.1
Project("{8BC9CEB8-8B4A-11D0-8D11-00A0C91BC942}") = "mod_convert", "mod_convert.vcxproj", "{0BF87775-47D3-4CA1-BFF4-A2D0F78520E6}"
EndProject
Global
	GlobalSection(SolutionConfigurationPlatforms) = preSolution
		Debug|x64 = Debug|x64
		Debug|x86 = Debug|x86
	EndGlobalSection
	GlobalSection(ProjectConfigurationPlatforms) = postSolution
		{0BF87775-47D3-4CA1-BFF4-A2D0F78520E6}.Debug|x64.ActiveCfg = Debug|x64
		{0BF87775-47D3-4CA1-BFF4-A2D0F78520E6}.Debug|x64.Build.0 = Debug|x64
		{0BF87775-47D3-4CA1-BFF4-A2D0F78520E6}.Debug|x86.ActiveCfg = Debug|Win32
		{0BF87775-47D3-4CA1-BFF4-A2D0F78520E6}.Debug|x86.Build.0 = Debug|Win32
	EndGlobalSection
	GlobalSection(SolutionProperties) = preSolution
		HideSolutionNode = FALSE
	EndGlobalSection
	GlobalSection(ExtensibilityGlobals) = postSolution
		SolutionGuid = {816B54BC-757E-477A-8F74-0054A25AC6C7}
	EndGlobalSection
EndGlobal
